
Microsoft Visual Studio Solution File, Format Version 12.00
# Visual Studio 15
VisualStudioVersion = 15.0.26228.102
MinimumVisualStudioVersion = 10.0.40219.1
Project("{FAE04EC0-301F-11D3-BF4B-00C04F79EFBC}") = "B20_Ex01_1", "B20_Ex01_1\B20_Ex01_1.csproj", "{EBAA3882-AFDF-4131-8ED8-ED826DB62FC5}"
EndProject
Global
	GlobalSection(SolutionConfigurationPlatforms) = preSolution
		Debug|Any CPU = Debug|Any CPU
		Release|Any CPU = Release|Any CPU
	EndGlobalSection
	GlobalSection(ProjectConfigurationPlatforms) = postSolution
		{EBAA3882-AFDF-4131-8ED8-ED826DB62FC5}.Debug|Any CPU.ActiveCfg = Debug|Any CPU
		{EBAA3882-AFDF-4131-8ED8-ED826DB62FC5}.Debug|Any CPU.Build.0 = Debug|Any CPU
		{EBAA3882-AFDF-4131-8ED8-ED826DB62FC5}.Release|Any CPU.ActiveCfg = Release|Any CPU
		{EBAA3882-AFDF-4131-8ED8-ED826DB62FC5}.Release|Any CPU.Build.0 = Release|Any CPU
	EndGlobalSection
	GlobalSection(SolutionProperties) = preSolution
		HideSolutionNode = FALSE
	EndGlobalSection
	GlobalSection(ExtensibilityGlobals) = postSolution
		SolutionGuid = {BCD678B9-1E53-44E1-A841-8DE6641BDAA1}
	EndGlobalSection
EndGlobal
